
Microsoft Visual Studio Solution File, Format Version 12.00
# Visual Studio 15
VisualStudioVersion = 15.0.28307.572
MinimumVisualStudioVersion = 10.0.40219.1
Project("{9A19103F-16F7-4668-BE54-9A1E7A4F7556}") = "ServiceTool.Logic", "ServiceTool\ServiceTool.Logic.csproj", "{D407C91F-E610-4C87-8A69-DF051E3AEDE7}"
EndProject
Project("{9A19103F-16F7-4668-BE54-9A1E7A4F7556}") = "ServiceTool.DAL", "ServiceTool.DAL\ServiceTool.DAL.csproj", "{46093477-A190-4E1C-A97E-CF31E47E8F7D}"
EndProject
Project("{9A19103F-16F7-4668-BE54-9A1E7A4F7556}") = "ServiceTool.DAL.Interface", "ServiceTool.DAL.Interface\ServiceTool.DAL.Interface.csproj", "{9574F93B-47B5-4045-B43B-2FF89B594DFB}"
EndProject
Project("{9A19103F-16F7-4668-BE54-9A1E7A4F7556}") = "ServiceTool.DAL.Factory", "ServiceTool.DAL.Factory\ServiceTool.DAL.Factory.csproj", "{87971660-EC82-4257-833B-EDEEA95BE276}"
EndProject
Project("{9A19103F-16F7-4668-BE54-9A1E7A4F7556}") = "ServiceTool.UnitTest", "ServiceToolUnitTests\ServiceTool.UnitTest.csproj", "{C6FABE99-6892-4DE8-B369-705669DD44B7}"
EndProject
Global
	GlobalSection(SolutionConfigurationPlatforms) = preSolution
		Debug|Any CPU = Debug|Any CPU
		Release|Any CPU = Release|Any CPU
	EndGlobalSection
	GlobalSection(ProjectConfigurationPlatforms) = postSolution
		{D407C91F-E610-4C87-8A69-DF051E3AEDE7}.Debug|Any CPU.ActiveCfg = Debug|Any CPU
		{D407C91F-E610-4C87-8A69-DF051E3AEDE7}.Debug|Any CPU.Build.0 = Debug|Any CPU
		{D407C91F-E610-4C87-8A69-DF051E3AEDE7}.Release|Any CPU.ActiveCfg = Release|Any CPU
		{D407C91F-E610-4C87-8A69-DF051E3AEDE7}.Release|Any CPU.Build.0 = Release|Any CPU
		{46093477-A190-4E1C-A97E-CF31E47E8F7D}.Debug|Any CPU.ActiveCfg = Debug|Any CPU
		{46093477-A190-4E1C-A97E-CF31E47E8F7D}.Debug|Any CPU.Build.0 = Debug|Any CPU
		{46093477-A190-4E1C-A97E-CF31E47E8F7D}.Release|Any CPU.ActiveCfg = Release|Any CPU
		{46093477-A190-4E1C-A97E-CF31E47E8F7D}.Release|Any CPU.Build.0 = Release|Any CPU
		{9574F93B-47B5-4045-B43B-2FF89B594DFB}.Debug|Any CPU.ActiveCfg = Debug|Any CPU
		{9574F93B-47B5-4045-B43B-2FF89B594DFB}.Debug|Any CPU.Build.0 = Debug|Any CPU
		{9574F93B-47B5-4045-B43B-2FF89B594DFB}.Release|Any CPU.ActiveCfg = Release|Any CPU
		{9574F93B-47B5-4045-B43B-2FF89B594DFB}.Release|Any CPU.Build.0 = Release|Any CPU
		{87971660-EC82-4257-833B-EDEEA95BE276}.Debug|Any CPU.ActiveCfg = Debug|Any CPU
		{87971660-EC82-4257-833B-EDEEA95BE276}.Debug|Any CPU.Build.0 = Debug|Any CPU
		{87971660-EC82-4257-833B-EDEEA95BE276}.Release|Any CPU.ActiveCfg = Release|Any CPU
		{87971660-EC82-4257-833B-EDEEA95BE276}.Release|Any CPU.Build.0 = Release|Any CPU
		{C6FABE99-6892-4DE8-B369-705669DD44B7}.Debug|Any CPU.ActiveCfg = Debug|Any CPU
		{C6FABE99-6892-4DE8-B369-705669DD44B7}.Debug|Any CPU.Build.0 = Debug|Any CPU
		{C6FABE99-6892-4DE8-B369-705669DD44B7}.Release|Any CPU.ActiveCfg = Release|Any CPU
		{C6FABE99-6892-4DE8-B369-705669DD44B7}.Release|Any CPU.Build.0 = Release|Any CPU
	EndGlobalSection
	GlobalSection(SolutionProperties) = preSolution
		HideSolutionNode = FALSE
	EndGlobalSection
	GlobalSection(ExtensibilityGlobals) = postSolution
		SolutionGuid = {88A66E00-527D-428D-9E39-F9C2BE4CFE92}
	EndGlobalSection
EndGlobal
